
Microsoft Visual Studio Solution File, Format Version 12.00
# Visual Studio Version 17
VisualStudioVersion = 17.9.34728.123
MinimumVisualStudioVersion = 10.0.40219.1
Project("{FAE04EC0-301F-11D3-BF4B-00C04F79EFBC}") = "wpf_ironpython", "wpf_ironpython.csproj", "{4A675A99-6F19-4CA1-A7E9-5B43919D0947}"
EndProject
Global
	GlobalSection(SolutionConfigurationPlatforms) = preSolution
		Debug|Any CPU = Debug|Any CPU
		Release|Any CPU = Release|Any CPU
	EndGlobalSection
	GlobalSection(ProjectConfigurationPlatforms) = postSolution
		{4A675A99-6F19-4CA1-A7E9-5B43919D0947}.Debug|Any CPU.ActiveCfg = Debug|Any CPU
		{4A675A99-6F19-4CA1-A7E9-5B43919D0947}.Debug|Any CPU.Build.0 = Debug|Any CPU
		{4A675A99-6F19-4CA1-A7E9-5B43919D0947}.Release|Any CPU.ActiveCfg = Release|Any CPU
		{4A675A99-6F19-4CA1-A7E9-5B43919D0947}.Release|Any CPU.Build.0 = Release|Any CPU
	EndGlobalSection
	GlobalSection(SolutionProperties) = preSolution
		HideSolutionNode = FALSE
	EndGlobalSection
	GlobalSection(ExtensibilityGlobals) = postSolution
		SolutionGuid = {708E9F51-A316-4E3D-80FD-7EFED144586A}
	EndGlobalSection
EndGlobal
